
Microsoft Visual Studio Solution File, Format Version 12.00
# Visual Studio Version 17
VisualStudioVersion = 17.9.34723.18
MinimumVisualStudioVersion = 10.0.40219.1
Project("{9A19103F-16F7-4668-BE54-9A1E7A4F7556}") = "WebApplication1", "WebApplication1\WebApplication1.csproj", "{5D82D03D-5C80-47E5-BD1D-26001CBF9F07}"
EndProject
Global
	GlobalSection(SolutionConfigurationPlatforms) = preSolution
		Debug|Any CPU = Debug|Any CPU
		Release|Any CPU = Release|Any CPU
	EndGlobalSection
	GlobalSection(ProjectConfigurationPlatforms) = postSolution
		{5D82D03D-5C80-47E5-BD1D-26001CBF9F07}.Debug|Any CPU.ActiveCfg = Debug|Any CPU
		{5D82D03D-5C80-47E5-BD1D-26001CBF9F07}.Debug|Any CPU.Build.0 = Debug|Any CPU
		{5D82D03D-5C80-47E5-BD1D-26001CBF9F07}.Release|Any CPU.ActiveCfg = Release|Any CPU
		{5D82D03D-5C80-47E5-BD1D-26001CBF9F07}.Release|Any CPU.Build.0 = Release|Any CPU
	EndGlobalSection
	GlobalSection(SolutionProperties) = preSolution
		HideSolutionNode = FALSE
	EndGlobalSection
	GlobalSection(ExtensibilityGlobals) = postSolution
		SolutionGuid = {5F6F752E-BECE-4E1D-B07D-F4BD6ECC67F8}
	EndGlobalSection
EndGlobal
